
Microsoft Visual Studio Solution File, Format Version 12.00
# Visual Studio Version 16
VisualStudioVersion = 16.0.32228.343
MinimumVisualStudioVersion = 10.0.40219.1
Project("{FAE04EC0-301F-11D3-BF4B-00C04F79EFBC}") = "PasswordChecker", "PasswordChecker\PasswordChecker.csproj", "{0623FFBA-7124-4C9F-A843-90890F9C8DFE}"
EndProject
Global
	GlobalSection(SolutionConfigurationPlatforms) = preSolution
		Debug|Any CPU = Debug|Any CPU
		Release|Any CPU = Release|Any CPU
	EndGlobalSection
	GlobalSection(ProjectConfigurationPlatforms) = postSolution
		{0623FFBA-7124-4C9F-A843-90890F9C8DFE}.Debug|Any CPU.ActiveCfg = Debug|Any CPU
		{0623FFBA-7124-4C9F-A843-90890F9C8DFE}.Debug|Any CPU.Build.0 = Debug|Any CPU
		{0623FFBA-7124-4C9F-A843-90890F9C8DFE}.Release|Any CPU.ActiveCfg = Release|Any CPU
		{0623FFBA-7124-4C9F-A843-90890F9C8DFE}.Release|Any CPU.Build.0 = Release|Any CPU
	EndGlobalSection
	GlobalSection(SolutionProperties) = preSolution
		HideSolutionNode = FALSE
	EndGlobalSection
	GlobalSection(ExtensibilityGlobals) = postSolution
		SolutionGuid = {33DE2EFD-8A91-4390-8A46-007802FF11AB}
	EndGlobalSection
EndGlobal
