
Microsoft Visual Studio Solution File, Format Version 12.00
# Visual Studio Version 16
VisualStudioVersion = 16.0.32126.315
MinimumVisualStudioVersion = 10.0.40219.1
Project("{FAE04EC0-301F-11D3-BF4B-00C04F79EFBC}") = "Exceptionn11", "Exceptionn11\Exceptionn11.csproj", "{FFF4E061-EFFA-403E-B1E4-81E8C790BCF8}"
EndProject
Global
	GlobalSection(SolutionConfigurationPlatforms) = preSolution
		Debug|Any CPU = Debug|Any CPU
		Release|Any CPU = Release|Any CPU
	EndGlobalSection
	GlobalSection(ProjectConfigurationPlatforms) = postSolution
		{FFF4E061-EFFA-403E-B1E4-81E8C790BCF8}.Debug|Any CPU.ActiveCfg = Debug|Any CPU
		{FFF4E061-EFFA-403E-B1E4-81E8C790BCF8}.Debug|Any CPU.Build.0 = Debug|Any CPU
		{FFF4E061-EFFA-403E-B1E4-81E8C790BCF8}.Release|Any CPU.ActiveCfg = Release|Any CPU
		{FFF4E061-EFFA-403E-B1E4-81E8C790BCF8}.Release|Any CPU.Build.0 = Release|Any CPU
	EndGlobalSection
	GlobalSection(SolutionProperties) = preSolution
		HideSolutionNode = FALSE
	EndGlobalSection
	GlobalSection(ExtensibilityGlobals) = postSolution
		SolutionGuid = {232DDC7E-A346-4FDD-BDA9-5345399CD78E}
	EndGlobalSection
EndGlobal
